<?xml version="1.0" encoding="utf-8"?>
<Project ToolsVersion="4.0" xmlns="http://schemas.microsoft.com/developer/msbuild/2003">
  <ItemGroup>
    <Filter Include="src">
      <UniqueIdentifier>{93995380-89BD-4b04-88EB-625FBE52EBFB}</UniqueIdentifier>
      <Extensions>h;hh;hpp;hxx;hm;inl;inc;xsd</Extensions>
    </Filter>
    <Filter Include="3rd">
      <UniqueIdentifier>{2d96c785-4c09-4d5d-8734-e0505e057152}</UniqueIdentifier>
    </Filter>
    <Filter Include="3rd\http_parser">
      <UniqueIdentifier>{4ddea920-2a88-4a53-af0a-ac0d326ba970}</UniqueIdentifier>
    </Filter>
  </ItemGroup>
  <ItemGroup>
    <ClCompile Include="..\3rd\http_parser\http_parser.c">
      <Filter>3rd\http_parser</Filter>
    </ClCompile>
    <ClCompile Include="..\src\main.c">
      <Filter>src</Filter>
    </ClCompile>
  </ItemGroup>
  <ItemGroup>
    <ClInclude Include="..\3rd\http_parser\http_parser.h">
      <Filter>3rd\http_parser</Filter>
    </ClInclude>
  </ItemGroup>
</Project>