<?xml version="1.0" encoding="utf-8"?>
<Project ToolsVersion="4.0" xmlns="http://schemas.microsoft.com/developer/msbuild/2003">
  <ItemGroup>
    <Filter Include="src">
      <UniqueIdentifier>{831bb5d7-a786-4bc1-9465-0841c0afbac7}</UniqueIdentifier>
    </Filter>
    <Filter Include="3rd">
      <UniqueIdentifier>{9d627715-c5de-4728-b10e-63f588db7235}</UniqueIdentifier>
    </Filter>
    <Filter Include="3rd\libuv">
      <UniqueIdentifier>{f34e034d-da7c-4606-b7d2-e8dd32a05d67}</UniqueIdentifier>
    </Filter>
    <Filter Include="3rd\libuv\include">
      <UniqueIdentifier>{ffd08edd-04ef-4ba5-a053-f8f370d6f5b3}</UniqueIdentifier>
    </Filter>
    <Filter Include="3rd\libuv\src">
      <UniqueIdentifier>{580ef3f9-95e0-41ae-b9d7-ddcb1f62ea64}</UniqueIdentifier>
    </Filter>
    <Filter Include="3rd\libuv\src\win">
      <UniqueIdentifier>{337df713-b09c-49f2-a176-284a2a00f4d1}</UniqueIdentifier>
    </Filter>
    <Filter Include="3rd\crypto">
      <UniqueIdentifier>{3fc6cc92-29e7-4281-8787-4f478e06d51a}</UniqueIdentifier>
    </Filter>
    <Filter Include="3rd\http_parser">
      <UniqueIdentifier>{90e2458f-6091-405c-9466-a16ed85680df}</UniqueIdentifier>
    </Filter>
  </ItemGroup>
  <ItemGroup>
    <ClInclude Include="..\3rd\libuv\include\android-ifaddrs.h">
      <Filter>3rd\libuv\include</Filter>
    </ClInclude>
    <ClInclude Include="..\3rd\libuv\include\pthread-barrier.h">
      <Filter>3rd\libuv\include</Filter>
    </ClInclude>
    <ClInclude Include="..\3rd\libuv\include\stdint-msvc2008.h">
      <Filter>3rd\libuv\include</Filter>
    </ClInclude>
    <ClInclude Include="..\3rd\libuv\include\tree.h">
      <Filter>3rd\libuv\include</Filter>
    </ClInclude>
    <ClInclude Include="..\3rd\libuv\include\uv.h">
      <Filter>3rd\libuv\include</Filter>
    </ClInclude>
    <ClInclude Include="..\3rd\libuv\include\uv-aix.h">
      <Filter>3rd\libuv\include</Filter>
    </ClInclude>
    <ClInclude Include="..\3rd\libuv\include\uv-bsd.h">
      <Filter>3rd\libuv\include</Filter>
    </ClInclude>
    <ClInclude Include="..\3rd\libuv\include\uv-darwin.h">
      <Filter>3rd\libuv\include</Filter>
    </ClInclude>
    <ClInclude Include="..\3rd\libuv\include\uv-errno.h">
      <Filter>3rd\libuv\include</Filter>
    </ClInclude>
    <ClInclude Include="..\3rd\libuv\include\uv-linux.h">
      <Filter>3rd\libuv\include</Filter>
    </ClInclude>
    <ClInclude Include="..\3rd\libuv\include\uv-sunos.h">
      <Filter>3rd\libuv\include</Filter>
    </ClInclude>
    <ClInclude Include="..\3rd\libuv\include\uv-threadpool.h">
      <Filter>3rd\libuv\include</Filter>
    </ClInclude>
    <ClInclude Include="..\3rd\libuv\include\uv-unix.h">
      <Filter>3rd\libuv\include</Filter>
    </ClInclude>
    <ClInclude Include="..\3rd\libuv\include\uv-version.h">
      <Filter>3rd\libuv\include</Filter>
    </ClInclude>
    <ClInclude Include="..\3rd\libuv\include\uv-win.h">
      <Filter>3rd\libuv\include</Filter>
    </ClInclude>
    <ClInclude Include="..\3rd\libuv\src\heap-inl.h">
      <Filter>3rd\libuv\src</Filter>
    </ClInclude>
    <ClInclude Include="..\3rd\libuv\src\queue.h">
      <Filter>3rd\libuv\src</Filter>
    </ClInclude>
    <ClInclude Include="..\3rd\libuv\src\uv-common.h">
      <Filter>3rd\libuv\src</Filter>
    </ClInclude>
    <ClInclude Include="..\3rd\libuv\src\win\atomicops-inl.h">
      <Filter>3rd\libuv\src\win</Filter>
    </ClInclude>
    <ClInclude Include="..\3rd\libuv\src\win\handle-inl.h">
      <Filter>3rd\libuv\src\win</Filter>
    </ClInclude>
    <ClInclude Include="..\3rd\libuv\src\win\internal.h">
      <Filter>3rd\libuv\src\win</Filter>
    </ClInclude>
    <ClInclude Include="..\3rd\libuv\src\win\req-inl.h">
      <Filter>3rd\libuv\src\win</Filter>
    </ClInclude>
    <ClInclude Include="..\3rd\libuv\src\win\stream-inl.h">
      <Filter>3rd\libuv\src\win</Filter>
    </ClInclude>
    <ClInclude Include="..\3rd\libuv\src\win\winapi.h">
      <Filter>3rd\libuv\src\win</Filter>
    </ClInclude>
    <ClInclude Include="..\3rd\libuv\src\win\winsock.h">
      <Filter>3rd\libuv\src\win</Filter>
    </ClInclude>
    <ClInclude Include="..\3rd\crypto\base64_decoder.h">
      <Filter>3rd\crypto</Filter>
    </ClInclude>
    <ClInclude Include="..\3rd\crypto\base64_encoder.h">
      <Filter>3rd\crypto</Filter>
    </ClInclude>
    <ClInclude Include="..\3rd\crypto\md5.h">
      <Filter>3rd\crypto</Filter>
    </ClInclude>
    <ClInclude Include="..\3rd\crypto\sha1.h">
      <Filter>3rd\crypto</Filter>
    </ClInclude>
    <ClInclude Include="..\3rd\http_parser\http_parser.h">
      <Filter>3rd\http_parser</Filter>
    </ClInclude>
  </ItemGroup>
  <ItemGroup>
    <ClCompile Include="..\3rd\libuv\src\fs-poll.c">
      <Filter>3rd\libuv\src</Filter>
    </ClCompile>
    <ClCompile Include="..\3rd\libuv\src\inet.c">
      <Filter>3rd\libuv\src</Filter>
    </ClCompile>
    <ClCompile Include="..\3rd\libuv\src\threadpool.c">
      <Filter>3rd\libuv\src</Filter>
    </ClCompile>
    <ClCompile Include="..\3rd\libuv\src\uv-common.c">
      <Filter>3rd\libuv\src</Filter>
    </ClCompile>
    <ClCompile Include="..\3rd\libuv\src\version.c">
      <Filter>3rd\libuv\src</Filter>
    </ClCompile>
    <ClCompile Include="..\3rd\libuv\src\win\async.c">
      <Filter>3rd\libuv\src\win</Filter>
    </ClCompile>
    <ClCompile Include="..\3rd\libuv\src\win\core.c">
      <Filter>3rd\libuv\src\win</Filter>
    </ClCompile>
    <ClCompile Include="..\3rd\libuv\src\win\dl.c">
      <Filter>3rd\libuv\src\win</Filter>
    </ClCompile>
    <ClCompile Include="..\3rd\libuv\src\win\error.c">
      <Filter>3rd\libuv\src\win</Filter>
    </ClCompile>
    <ClCompile Include="..\3rd\libuv\src\win\fs.c">
      <Filter>3rd\libuv\src\win</Filter>
    </ClCompile>
    <ClCompile Include="..\3rd\libuv\src\win\fs-event.c">
      <Filter>3rd\libuv\src\win</Filter>
    </ClCompile>
    <ClCompile Include="..\3rd\libuv\src\win\getaddrinfo.c">
      <Filter>3rd\libuv\src\win</Filter>
    </ClCompile>
    <ClCompile Include="..\3rd\libuv\src\win\getnameinfo.c">
      <Filter>3rd\libuv\src\win</Filter>
    </ClCompile>
    <ClCompile Include="..\3rd\libuv\src\win\handle.c">
      <Filter>3rd\libuv\src\win</Filter>
    </ClCompile>
    <ClCompile Include="..\3rd\libuv\src\win\loop-watcher.c">
      <Filter>3rd\libuv\src\win</Filter>
    </ClCompile>
    <ClCompile Include="..\3rd\libuv\src\win\pipe.c">
      <Filter>3rd\libuv\src\win</Filter>
    </ClCompile>
    <ClCompile Include="..\3rd\libuv\src\win\poll.c">
      <Filter>3rd\libuv\src\win</Filter>
    </ClCompile>
    <ClCompile Include="..\3rd\libuv\src\win\process.c">
      <Filter>3rd\libuv\src\win</Filter>
    </ClCompile>
    <ClCompile Include="..\3rd\libuv\src\win\process-stdio.c">
      <Filter>3rd\libuv\src\win</Filter>
    </ClCompile>
    <ClCompile Include="..\3rd\libuv\src\win\req.c">
      <Filter>3rd\libuv\src\win</Filter>
    </ClCompile>
    <ClCompile Include="..\3rd\libuv\src\win\signal.c">
      <Filter>3rd\libuv\src\win</Filter>
    </ClCompile>
    <ClCompile Include="..\3rd\libuv\src\win\snprintf.c">
      <Filter>3rd\libuv\src\win</Filter>
    </ClCompile>
    <ClCompile Include="..\3rd\libuv\src\win\stream.c">
      <Filter>3rd\libuv\src\win</Filter>
    </ClCompile>
    <ClCompile Include="..\3rd\libuv\src\win\tcp.c">
      <Filter>3rd\libuv\src\win</Filter>
    </ClCompile>
    <ClCompile Include="..\3rd\libuv\src\win\thread.c">
      <Filter>3rd\libuv\src\win</Filter>
    </ClCompile>
    <ClCompile Include="..\3rd\libuv\src\win\timer.c">
      <Filter>3rd\libuv\src\win</Filter>
    </ClCompile>
    <ClCompile Include="..\3rd\libuv\src\win\tty.c">
      <Filter>3rd\libuv\src\win</Filter>
    </ClCompile>
    <ClCompile Include="..\3rd\libuv\src\win\udp.c">
      <Filter>3rd\libuv\src\win</Filter>
    </ClCompile>
    <ClCompile Include="..\3rd\libuv\src\win\util.c">
      <Filter>3rd\libuv\src\win</Filter>
    </ClCompile>
    <ClCompile Include="..\3rd\libuv\src\win\winapi.c">
      <Filter>3rd\libuv\src\win</Filter>
    </ClCompile>
    <ClCompile Include="..\3rd\libuv\src\win\winsock.c">
      <Filter>3rd\libuv\src\win</Filter>
    </ClCompile>
    <ClCompile Include="..\src\main.c">
      <Filter>src</Filter>
    </ClCompile>
    <ClCompile Include="..\3rd\crypto\base64_decoder.c">
      <Filter>3rd\crypto</Filter>
    </ClCompile>
    <ClCompile Include="..\3rd\crypto\base64_encoder.c">
      <Filter>3rd\crypto</Filter>
    </ClCompile>
    <ClCompile Include="..\3rd\crypto\md5.c">
      <Filter>3rd\crypto</Filter>
    </ClCompile>
    <ClCompile Include="..\3rd\crypto\sha1.c">
      <Filter>3rd\crypto</Filter>
    </ClCompile>
    <ClCompile Include="..\3rd\http_parser\http_parser.c">
      <Filter>3rd\http_parser</Filter>
    </ClCompile>
  </ItemGroup>
</Project>